// !$*UTF8*$!
{
	archiveVersion = 1;
	classes = {
	};
	objectVersion = 50;
	objects = {

/* Begin PBXBuildFile section */
		F5E2089723C4EE1900AD83E9 /* AppDelegate.swift in Sources */ = {isa = PBXBuildFile; fileRef = F5E2089623C4EE1900AD83E9 /* AppDelegate.swift */; };
		F5E2089923C4EE1900AD83E9 /* SceneDelegate.swift in Sources */ = {isa = PBXBuildFile; fileRef = F5E2089823C4EE1900AD83E9 /* SceneDelegate.swift */; };
		F5E208A023C4EE1A00AD83E9 /* Assets.xcassets in Resources */ = {isa = PBXBuildFile; fileRef = F5E2089F23C4EE1A00AD83E9 /* Assets.xcassets */; };
		F5E208A323C4EE1A00AD83E9 /* LaunchScreen.storyboard in Resources */ = {isa = PBXBuildFile; fileRef = F5E208A123C4EE1A00AD83E9 /* LaunchScreen.storyboard */; };
		F5E208B123C4EEAB00AD83E9 /* HomeViewController.swift in Sources */ = {isa = PBXBuildFile; fileRef = F5E208AF23C4EEAB00AD83E9 /* HomeViewController.swift */; };
		F5E208B223C4EEAB00AD83E9 /* HomeViewController.xib in Resources */ = {isa = PBXBuildFile; fileRef = F5E208B023C4EEAB00AD83E9 /* HomeViewController.xib */; };
		F5E208B723C4F6BE00AD83E9 /* HomeCell.swift in Sources */ = {isa = PBXBuildFile; fileRef = F5E208B523C4F6BE00AD83E9 /* HomeCell.swift */; };
		F5E208B823C4F6BE00AD83E9 /* HomeCell.xib in Resources */ = {isa = PBXBuildFile; fileRef = F5E208B623C4F6BE00AD83E9 /* HomeCell.xib */; };
		F5E208BC23C4F85D00AD83E9 /* HeaderView.swift in Sources */ = {isa = PBXBuildFile; fileRef = F5E208BA23C4F85D00AD83E9 /* HeaderView.swift */; };
/* End PBXBuildFile section */

/* Begin PBXFileReference section */
		F5E2089323C4EE1900AD83E9 /* StretchyHeaderCustom.app */ = {isa = PBXFileReference; explicitFileType = wrapper.application; includeInIndex = 0; path = StretchyHeaderCustom.app; sourceTree = BUILT_PRODUCTS_DIR; };
		F5E2089623C4EE1900AD83E9 /* AppDelegate.swift */ = {isa = PBXFileReference; lastKnownFileType = sourcecode.swift; path = AppDelegate.swift; sourceTree = "<group>"; };
		F5E2089823C4EE1900AD83E9 /* SceneDelegate.swift */ = {isa = PBXFileReference; lastKnownFileType = sourcecode.swift; path = SceneDelegate.swift; sourceTree = "<group>"; };
		F5E2089F23C4EE1A00AD83E9 /* Assets.xcassets */ = {isa = PBXFileReference; lastKnownFileType = folder.assetcatalog; path = Assets.xcassets; sourceTree = "<group>"; };
		F5E208A223C4EE1A00AD83E9 /* Base */ = {isa = PBXFileReference; lastKnownFileType = file.storyboard; name = Base; path = Base.lproj/LaunchScreen.storyboard; sourceTree = "<group>"; };
		F5E208A423C4EE1A00AD83E9 /* Info.plist */ = {isa = PBXFileReference; lastKnownFileType = text.plist.xml; path = Info.plist; sourceTree = "<group>"; };
		F5E208AF23C4EEAB00AD83E9 /* HomeViewController.swift */ = {isa = PBXFileReference; lastKnownFileType = sourcecode.swift; path = HomeViewController.swift; sourceTree = "<group>"; };
		F5E208B023C4EEAB00AD83E9 /* HomeViewController.xib */ = {isa = PBXFileReference; lastKnownFileType = file.xib; path = HomeViewController.xib; sourceTree = "<group>"; };
		F5E208B523C4F6BE00AD83E9 /* HomeCell.swift */ = {isa = PBXFileReference; lastKnownFileType = sourcecode.swift; path = HomeCell.swift; sourceTree = "<group>"; };
		F5E208B623C4F6BE00AD83E9 /* HomeCell.xib */ = {isa = PBXFileReference; lastKnownFileType = file.xib; path = HomeCell.xib; sourceTree = "<group>"; };
		F5E208BA23C4F85D00AD83E9 /* HeaderView.swift */ = {isa = PBXFileReference; lastKnownFileType = sourcecode.swift; path = HeaderView.swift; sourceTree = "<group>"; };
/* End PBXFileReference section */

/* Begin PBXFrameworksBuildPhase section */
		F5E2089023C4EE1900AD83E9 /* Frameworks */ = {
			isa = PBXFrameworksBuildPhase;
			buildActionMask = 2147483647;
			files = (
			);
			runOnlyForDeploymentPostprocessing = 0;
		};
/* End PBXFrameworksBuildPhase section */

/* Begin PBXGroup section */
		F5E2088A23C4EE1900AD83E9 = {
			isa = PBXGroup;
			children = (
				F5E2089523C4EE1900AD83E9 /* StretchyHeaderCustom */,
				F5E2089423C4EE1900AD83E9 /* Products */,
			);
			sourceTree = "<group>";
		};
		F5E2089423C4EE1900AD83E9 /* Products */ = {
			isa = PBXGroup;
			children = (
				F5E2089323C4EE1900AD83E9 /* StretchyHeaderCustom.app */,
			);
			name = Products;
			sourceTree = "<group>";
		};
		F5E2089523C4EE1900AD83E9 /* StretchyHeaderCustom */ = {
			isa = PBXGroup;
			children = (
				F5E208AD23C4EE4700AD83E9 /* Resources */,
				F5E208AC23C4EE3900AD83E9 /* Supporting File */,
				F5E208AB23C4EE3100AD83E9 /* Configures */,
				F5E208AA23C4EE2400AD83E9 /* Features */,
			);
			path = StretchyHeaderCustom;
			sourceTree = "<group>";
		};
		F5E208AA23C4EE2400AD83E9 /* Features */ = {
			isa = PBXGroup;
			children = (
				F5E208AE23C4EE8E00AD83E9 /* Home */,
			);
			path = Features;
			sourceTree = "<group>";
		};
		F5E208AB23C4EE3100AD83E9 /* Configures */ = {
			isa = PBXGroup;
			children = (
			);
			path = Configures;
			sourceTree = "<group>";
		};
		F5E208AC23C4EE3900AD83E9 /* Supporting File */ = {
			isa = PBXGroup;
			children = (
				F5E2089623C4EE1900AD83E9 /* AppDelegate.swift */,
				F5E2089823C4EE1900AD83E9 /* SceneDelegate.swift */,
				F5E208A423C4EE1A00AD83E9 /* Info.plist */,
			);
			path = "Supporting File";
			sourceTree = "<group>";
		};
		F5E208AD23C4EE4700AD83E9 /* Resources */ = {
			isa = PBXGroup;
			children = (
				F5E2089F23C4EE1A00AD83E9 /* Assets.xcassets */,
				F5E208A123C4EE1A00AD83E9 /* LaunchScreen.storyboard */,
			);
			path = Resources;
			sourceTree = "<group>";
		};
		F5E208AE23C4EE8E00AD83E9 /* Home */ = {
			isa = PBXGroup;
			children = (
				F5E208B923C4F83200AD83E9 /* HeaderView */,
				F5E208B323C4F67C00AD83E9 /* HomeCells */,
				F5E208AF23C4EEAB00AD83E9 /* HomeViewController.swift */,
				F5E208B023C4EEAB00AD83E9 /* HomeViewController.xib */,
			);
			path = Home;
			sourceTree = "<group>";
		};
		F5E208B323C4F67C00AD83E9 /* HomeCells */ = {
			isa = PBXGroup;
			children = (
				F5E208B523C4F6BE00AD83E9 /* HomeCell.swift */,
				F5E208B623C4F6BE00AD83E9 /* HomeCell.xib */,
			);
			path = HomeCells;
			sourceTree = "<group>";
		};
		F5E208B923C4F83200AD83E9 /* HeaderView */ = {
			isa = PBXGroup;
			children = (
				F5E208BA23C4F85D00AD83E9 /* HeaderView.swift */,
			);
			path = HeaderView;
			sourceTree = "<group>";
		};
/* End PBXGroup section */

/* Begin PBXNativeTarget section */
		F5E2089223C4EE1900AD83E9 /* StretchyHeaderCustom */ = {
			isa = PBXNativeTarget;
			buildConfigurationList = F5E208A723C4EE1A00AD83E9 /* Build configuration list for PBXNativeTarget "StretchyHeaderCustom" */;
			buildPhases = (
				F5E2088F23C4EE1900AD83E9 /* Sources */,
				F5E2089023C4EE1900AD83E9 /* Frameworks */,
				F5E2089123C4EE1900AD83E9 /* Resources */,
			);
			buildRules = (
			);
			dependencies = (
			);
			name = StretchyHeaderCustom;
			productName = StretchyHeaderCustom;
			productReference = F5E2089323C4EE1900AD83E9 /* StretchyHeaderCustom.app */;
			productType = "com.apple.product-type.application";
		};
/* End PBXNativeTarget section */

/* Begin PBXProject section */
		F5E2088B23C4EE1900AD83E9 /* Project object */ = {
			isa = PBXProject;
			attributes = {
				LastSwiftUpdateCheck = 1130;
				LastUpgradeCheck = 1130;
				ORGANIZATIONNAME = "Nguyen Tran";
				TargetAttributes = {
					F5E2089223C4EE1900AD83E9 = {
						CreatedOnToolsVersion = 11.3;
					};
				};
			};
			buildConfigurationList = F5E2088E23C4EE1900AD83E9 /* Build configuration list for PBXProject "StretchyHeaderCustom" */;
			compatibilityVersion = "Xcode 9.3";
			developmentRegion = en;
			hasScannedForEncodings = 0;
			knownRegions = (
				en,
				Base,
			);
			mainGroup = F5E2088A23C4EE1900AD83E9;
			productRefGroup = F5E2089423C4EE1900AD83E9 /* Products */;
			projectDirPath = "";
			projectRoot = "";
			targets = (
				F5E2089223C4EE1900AD83E9 /* StretchyHeaderCustom */,
			);
		};
/* End PBXProject section */

/* Begin PBXResourcesBuildPhase section */
		F5E2089123C4EE1900AD83E9 /* Resources */ = {
			isa = PBXResourcesBuildPhase;
			buildActionMask = 2147483647;
			files = (
				F5E208A323C4EE1A00AD83E9 /* LaunchScreen.storyboard in Resources */,
				F5E208A023C4EE1A00AD83E9 /* Assets.xcassets in Resources */,
				F5E208B823C4F6BE00AD83E9 /* HomeCell.xib in Resources */,
				F5E208B223C4EEAB00AD83E9 /* HomeViewController.xib in Resources */,
			);
			runOnlyForDeploymentPostprocessing = 0;
		};
/* End PBXResourcesBuildPhase section */

/* Begin PBXSourcesBuildPhase section */
		F5E2088F23C4EE1900AD83E9 /* Sources */ = {
			isa = PBXSourcesBuildPhase;
			buildActionMask = 2147483647;
			files = (
				F5E208BC23C4F85D00AD83E9 /* HeaderView.swift in Sources */,
				F5E2089723C4EE1900AD83E9 /* AppDelegate.swift in Sources */,
				F5E2089923C4EE1900AD83E9 /* SceneDelegate.swift in Sources */,
				F5E208B723C4F6BE00AD83E9 /* HomeCell.swift in Sources */,
				F5E208B123C4EEAB00AD83E9 /* HomeViewController.swift in Sources */,
			);
			runOnlyForDeploymentPostprocessing = 0;
		};
/* End PBXSourcesBuildPhase section */

/* Begin PBXVariantGroup section */
		F5E208A123C4EE1A00AD83E9 /* LaunchScreen.storyboard */ = {
			isa = PBXVariantGroup;
			children = (
				F5E208A223C4EE1A00AD83E9 /* Base */,
			);
			name = LaunchScreen.storyboard;
			sourceTree = "<group>";
		};
/* End PBXVariantGroup section */

/* Begin XCBuildConfiguration section */
		F5E208A523C4EE1A00AD83E9 /* Debug */ = {
			isa = XCBuildConfiguration;
			buildSettings = {
				ALWAYS_SEARCH_USER_PATHS = NO;
				CLANG_ANALYZER_NONNULL = YES;
				CLANG_ANALYZER_NUMBER_OBJECT_CONVERSION = YES_AGGRESSIVE;
				CLANG_CXX_LANGUAGE_STANDARD = "gnu++14";
				CLANG_CXX_LIBRARY = "libc++";
				CLANG_ENABLE_MODULES = YES;
				CLANG_ENABLE_OBJC_ARC = YES;
				CLANG_ENABLE_OBJC_WEAK = YES;
				CLANG_WARN_BLOCK_CAPTURE_AUTORELEASING = YES;
				CLANG_WARN_BOOL_CONVERSION = YES;
				CLANG_WARN_COMMA = YES;
				CLANG_WARN_CONSTANT_CONVERSION = YES;
				CLANG_WARN_DEPRECATED_OBJC_IMPLEMENTATIONS = YES;
				CLANG_WARN_DIRECT_OBJC_ISA_USAGE = YES_ERROR;
				CLANG_WARN_DOCUMENTATION_COMMENTS = YES;
				CLANG_WARN_EMPTY_BODY = YES;
				CLANG_WARN_ENUM_CONVERSION = YES;
				CLANG_WARN_INFINITE_RECURSION = YES;
				CLANG_WARN_INT_CONVERSION = YES;
				CLANG_WARN_NON_LITERAL_NULL_CONVERSION = YES;
				CLANG_WARN_OBJC_IMPLICIT_RETAIN_SELF = YES;
				CLANG_WARN_OBJC_LITERAL_CONVERSION = YES;
				CLANG_WARN_OBJC_ROOT_CLASS = YES_ERROR;
				CLANG_WARN_RANGE_LOOP_ANALYSIS = YES;
				CLANG_WARN_STRICT_PROTOTYPES = YES;
				CLANG_WARN_SUSPICIOUS_MOVE = YES;
				CLANG_WARN_UNGUARDED_AVAILABILITY = YES_AGGRESSIVE;
				CLANG_WARN_UNREACHABLE_CODE = YES;
				CLANG_WARN__DUPLICATE_METHOD_MATCH = YES;
				COPY_PHASE_STRIP = NO;
				DEBUG_INFORMATION_FORMAT = dwarf;
				ENABLE_STRICT_OBJC_MSGSEND = YES;
				ENABLE_TESTABILITY = YES;
				GCC_C_LANGUAGE_STANDARD = gnu11;
				GCC_DYNAMIC_NO_PIC = NO;
				GCC_NO_COMMON_BLOCKS = YES;
				GCC_OPTIMIZATION_LEVEL = 0;
				GCC_PREPROCESSOR_DEFINITIONS = (
					"DEBUG=1",
					"$(inherited)",
				);
				GCC_WARN_64_TO_32_BIT_CONVERSION = YES;
				GCC_WARN_ABOUT_RETURN_TYPE = YES_ERROR;
				GCC_WARN_UNDECLARED_SELECTOR = YES;
				GCC_WARN_UNINITIALIZED_AUTOS = YES_AGGRESSIVE;
				GCC_WARN_UNUSED_FUNCTION = YES;
				GCC_WARN_UNUSED_VARIABLE = YES;
				IPHONEOS_DEPLOYMENT_TARGET = 13.2;
				MTL_ENABLE_DEBUG_INFO = INCLUDE_SOURCE;
				MTL_FAST_MATH = YES;
				ONLY_ACTIVE_ARCH = YES;
				SDKROOT = iphoneos;
				SWIFT_ACTIVE_COMPILATION_CONDITIONS = DEBUG;
				SWIFT_OPTIMIZATION_LEVEL = "-Onone";
			};
			name = Debug;
		};
		F5E208A623C4EE1A00AD83E9 /* Release */ = {
			isa = XCBuildConfiguration;
			buildSettings = {
				ALWAYS_SEARCH_USER_PATHS = NO;
				CLANG_ANALYZER_NONNULL = YES;
				CLANG_ANALYZER_NUMBER_OBJECT_CONVERSION = YES_AGGRESSIVE;
				CLANG_CXX_LANGUAGE_STANDARD = "gnu++14";
				CLANG_CXX_LIBRARY = "libc++";
				CLANG_ENABLE_MODULES = YES;
				CLANG_ENABLE_OBJC_ARC = YES;
				CLANG_ENABLE_OBJC_WEAK = YES;
				CLANG_WARN_BLOCK_CAPTURE_AUTORELEASING = YES;
				CLANG_WARN_BOOL_CONVERSION = YES;
				CLANG_WARN_COMMA = YES;
				CLANG_WARN_CONSTANT_CONVERSION = YES;
				CLANG_WARN_DEPRECATED_OBJC_IMPLEMENTATIONS = YES;
				CLANG_WARN_DIRECT_OBJC_ISA_USAGE = YES_ERROR;
				CLANG_WARN_DOCUMENTATION_COMMENTS = YES;
				CLANG_WARN_EMPTY_BODY = YES;
				CLANG_WARN_ENUM_CONVERSION = YES;
				CLANG_WARN_INFINITE_RECURSION = YES;
				CLANG_WARN_INT_CONVERSION = YES;
				CLANG_WARN_NON_LITERAL_NULL_CONVERSION = YES;
				CLANG_WARN_OBJC_IMPLICIT_RETAIN_SELF = YES;
				CLANG_WARN_OBJC_LITERAL_CONVERSION = YES;
				CLANG_WARN_OBJC_ROOT_CLASS = YES_ERROR;
				CLANG_WARN_RANGE_LOOP_ANALYSIS = YES;
				CLANG_WARN_STRICT_PROTOTYPES = YES;
				CLANG_WARN_SUSPICIOUS_MOVE = YES;
				CLANG_WARN_UNGUARDED_AVAILABILITY = YES_AGGRESSIVE;
				CLANG_WARN_UNREACHABLE_CODE = YES;
				CLANG_WARN__DUPLICATE_METHOD_MATCH = YES;
				COPY_PHASE_STRIP = NO;
				DEBUG_INFORMATION_FORMAT = "dwarf-with-dsym";
				ENABLE_NS_ASSERTIONS = NO;
				ENABLE_STRICT_OBJC_MSGSEND = YES;
				GCC_C_LANGUAGE_STANDARD = gnu11;
				GCC_NO_COMMON_BLOCKS = YES;
				GCC_WARN_64_TO_32_BIT_CONVERSION = YES;
				GCC_WARN_ABOUT_RETURN_TYPE = YES_ERROR;
				GCC_WARN_UNDECLARED_SELECTOR = YES;
				GCC_WARN_UNINITIALIZED_AUTOS = YES_AGGRESSIVE;
				GCC_WARN_UNUSED_FUNCTION = YES;
				GCC_WARN_UNUSED_VARIABLE = YES;
				IPHONEOS_DEPLOYMENT_TARGET = 13.2;
				MTL_ENABLE_DEBUG_INFO = NO;
				MTL_FAST_MATH = YES;
				SDKROOT = iphoneos;
				SWIFT_COMPILATION_MODE = wholemodule;
				SWIFT_OPTIMIZATION_LEVEL = "-O";
				VALIDATE_PRODUCT = YES;
			};
			name = Release;
		};
		F5E208A823C4EE1A00AD83E9 /* Debug */ = {
			isa = XCBuildConfiguration;
			buildSettings = {
				ASSETCATALOG_COMPILER_APPICON_NAME = AppIcon;
				CODE_SIGN_STYLE = Automatic;
				INFOPLIST_FILE = "$(SRCROOT)/StretchyHeaderCustom/Supporting File/Info.plist";
				LD_RUNPATH_SEARCH_PATHS = (
					"$(inherited)",
					"@executable_path/Frameworks",
				);
				PRODUCT_BUNDLE_IDENTIFIER = com.nguyentran.StretchyHeaderCustom;
				PRODUCT_NAME = "$(TARGET_NAME)";
				SWIFT_VERSION = 5.0;
				TARGETED_DEVICE_FAMILY = "1,2";
			};
			name = Debug;
		};
		F5E208A923C4EE1A00AD83E9 /* Release */ = {
			isa = XCBuildConfiguration;
			buildSettings = {
				ASSETCATALOG_COMPILER_APPICON_NAME = AppIcon;
				CODE_SIGN_STYLE = Automatic;
				INFOPLIST_FILE = "$(SRCROOT)/StretchyHeaderCustom/Supporting File/Info.plist";
				LD_RUNPATH_SEARCH_PATHS = (
					"$(inherited)",
					"@executable_path/Frameworks",
				);
				PRODUCT_BUNDLE_IDENTIFIER = com.nguyentran.StretchyHeaderCustom;
				PRODUCT_NAME = "$(TARGET_NAME)";
				SWIFT_VERSION = 5.0;
				TARGETED_DEVICE_FAMILY = "1,2";
			};
			name = Release;
		};
/* End XCBuildConfiguration section */

/* Begin XCConfigurationList section */
		F5E2088E23C4EE1900AD83E9 /* Build configuration list for PBXProject "StretchyHeaderCustom" */ = {
			isa = XCConfigurationList;
			buildConfigurations = (
				F5E208A523C4EE1A00AD83E9 /* Debug */,
				F5E208A623C4EE1A00AD83E9 /* Release */,
			);
			defaultConfigurationIsVisible = 0;
			defaultConfigurationName = Release;
		};
		F5E208A723C4EE1A00AD83E9 /* Build configuration list for PBXNativeTarget "StretchyHeaderCustom" */ = {
			isa = XCConfigurationList;
			buildConfigurations = (
				F5E208A823C4EE1A00AD83E9 /* Debug */,
				F5E208A923C4EE1A00AD83E9 /* Release */,
			);
			defaultConfigurationIsVisible = 0;
			defaultConfigurationName = Release;
		};
/* End XCConfigurationList section */
	};
	rootObject = F5E2088B23C4EE1900AD83E9 /* Project object */;
}
